schema: '2.0'
stages:
  preprocess:
    cmd: python data_preprocessing.py data/raw/train.csv 
      data/processed/train_processed.csv
    deps:
    - path: data/raw/train.csv
      hash: md5
      md5: 2953e3faa074e9f6f3af7abceddf3431
      size: 81334401
    - path: data_preprocessing.py
      hash: md5
      md5: 924d1a2fef1c3eaa0688010b7621f8be
      size: 7980
    outs:
    - path: data/processed/train_processed.csv
      hash: md5
      md5: 424e7cc067684a464eb1f86924581a24
      size: 26314071
  train:
    cmd: python train.py data/processed/train_processed.csv models/model.pkl
    deps:
    - path: data/processed/train_processed.csv
      hash: md5
      md5: 424e7cc067684a464eb1f86924581a24
      size: 26314071
    - path: train.py
      hash: md5
      md5: bf62212f3c4b7655ba8a56c58473503a
      size: 453
    params:
      params.yaml:
        train.n_estimators: 300
    outs:
    - path: models/model.pkl
      hash: md5
      md5: c195d23d40a01eab3be2aaf7bf791e7b
      size: 42428057
