schema: '2.0'
stages:
  preprocess:
    cmd: python data_preprocessing.py data/raw/train.csv 
      data/processed/train_processed.csv
    deps:
    - path: data/raw/train.csv
      hash: md5
      md5: 3e69608099679cde306239a85764825e
      size: 81334188
    - path: data_preprocessing.py
      hash: md5
      md5: 924d1a2fef1c3eaa0688010b7621f8be
      size: 7980
    outs:
    - path: data/processed/train_processed.csv
      hash: md5
      md5: 343254366ab8aa1772f5f460856e58e7
      size: 16083615
  train:
    cmd: python train.py data/processed/train_processed.csv models/model.pkl
    deps:
    - path: data/processed/train_processed.csv
      hash: md5
      md5: 343254366ab8aa1772f5f460856e58e7
      size: 16083615
    - path: train.py
      hash: md5
      md5: bf62212f3c4b7655ba8a56c58473503a
      size: 453
    params:
      params.yaml:
        train.n_estimators: 300
    outs:
    - path: models/model.pkl
      hash: md5
      md5: 6d547d2dd60d35fdc682eeaf44dfcf67
      size: 43349513
