schema: '2.0'
stages:
  preprocess:
    cmd: python data_preprocessing.py data/raw/train.csv 
      data/processed/train_processed.csv
    deps:
    - path: data/raw/train.csv
      hash: md5
      md5: 026e0273e3023f5a2e9f4f15f7f85a6f
      size: 81334293
    - path: data_preprocessing.py
      hash: md5
      md5: 924d1a2fef1c3eaa0688010b7621f8be
      size: 7980
    outs:
    - path: data/processed/train_processed.csv
      hash: md5
      md5: 7e2de3573a3ee981c6de6cd21adc181d
      size: 25555644
  train:
    cmd: python train.py data/processed/train_processed.csv models/model.pkl
    deps:
    - path: data/processed/train_processed.csv
      hash: md5
      md5: 7e2de3573a3ee981c6de6cd21adc181d
      size: 25555644
    - path: train.py
      hash: md5
      md5: bf62212f3c4b7655ba8a56c58473503a
      size: 453
    params:
      params.yaml:
        train.n_estimators: 300
    outs:
    - path: models/model.pkl
      hash: md5
      md5: 36bc7ae8d813ae606f3c26ccc8c6597f
      size: 42779577
